// !$*UTF8*$!
{
	archiveVersion = 1;
	classes = {
	};
	objectVersion = 56;
	objects = {

/* Begin PBXBuildFile section */
		068A3BACE6D226206F915B1E /* Pods_SDUSampleApp.framework in Frameworks */ = {isa = PBXBuildFile; fileRef = 5E6CA6D47F54D2C967D49D20 /* Pods_SDUSampleApp.framework */; };
		1040C88D2AB845A200968E7A /* CustomLabel.swift in Sources */ = {isa = PBXBuildFile; fileRef = 1040C88C2AB845A200968E7A /* CustomLabel.swift */; };
		1040C88F2AB848D000968E7A /* CustomButton.swift in Sources */ = {isa = PBXBuildFile; fileRef = 1040C88E2AB848D000968E7A /* CustomButton.swift */; };
		1040C8912AB848DD00968E7A /* CustomTextField.swift in Sources */ = {isa = PBXBuildFile; fileRef = 1040C8902AB848DD00968E7A /* CustomTextField.swift */; };
		10B036C22ABADC03000CD13F /* onboarding.json in Resources */ = {isa = PBXBuildFile; fileRef = 10B036C12ABADC03000CD13F /* onboarding.json */; };
		10B036C42ABADE0D000CD13F /* ScreenModel.swift in Sources */ = {isa = PBXBuildFile; fileRef = 10B036C32ABADE0D000CD13F /* ScreenModel.swift */; };
		CA06C0382AB841CF00C63E59 /* LoginViewModel.swift in Sources */ = {isa = PBXBuildFile; fileRef = CA06C0372AB841CF00C63E59 /* LoginViewModel.swift */; };
		CA06C0432AB9617A00C63E59 /* ScreenBuilder.swift in Sources */ = {isa = PBXBuildFile; fileRef = CA06C0422AB9617A00C63E59 /* ScreenBuilder.swift */; };
		CA06C0452AB961D800C63E59 /* TextFieldBuilder.swift in Sources */ = {isa = PBXBuildFile; fileRef = CA06C0442AB961D700C63E59 /* TextFieldBuilder.swift */; };
		CA06C0472AB9627F00C63E59 /* LabelBuilder.swift in Sources */ = {isa = PBXBuildFile; fileRef = CA06C0462AB9627F00C63E59 /* LabelBuilder.swift */; };
		CA06C0492AB962C400C63E59 /* ButtonBuilder.swift in Sources */ = {isa = PBXBuildFile; fileRef = CA06C0482AB962C400C63E59 /* ButtonBuilder.swift */; };
		CA06C04D2AB9827500C63E59 /* UIColorExtension.swift in Sources */ = {isa = PBXBuildFile; fileRef = CA06C04C2AB9827500C63E59 /* UIColorExtension.swift */; };
		CA06C0522ABAF24000C63E59 /* ComponentIdentifier.swift in Sources */ = {isa = PBXBuildFile; fileRef = CA06C0512ABAF24000C63E59 /* ComponentIdentifier.swift */; };
		CA06C05C2ABAFD2600C63E59 /* UIViewControllerExtension.swift in Sources */ = {isa = PBXBuildFile; fileRef = CA06C0572ABAFD2600C63E59 /* UIViewControllerExtension.swift */; };
		CA06C05E2ABAFD2600C63E59 /* StringExtension.swift in Sources */ = {isa = PBXBuildFile; fileRef = CA06C0592ABAFD2600C63E59 /* StringExtension.swift */; };
		CA06C0602ABAFD2600C63E59 /* ViewcontrollerFactory.swift in Sources */ = {isa = PBXBuildFile; fileRef = CA06C05B2ABAFD2600C63E59 /* ViewcontrollerFactory.swift */; };
		CA08983D2AB432A000521291 /* AppDelegate.swift in Sources */ = {isa = PBXBuildFile; fileRef = CA08983C2AB432A000521291 /* AppDelegate.swift */; };
		CA08983F2AB432A000521291 /* SceneDelegate.swift in Sources */ = {isa = PBXBuildFile; fileRef = CA08983E2AB432A000521291 /* SceneDelegate.swift */; };
		CA0898412AB432A000521291 /* LoginViewController.swift in Sources */ = {isa = PBXBuildFile; fileRef = CA0898402AB432A000521291 /* LoginViewController.swift */; };
		CA0898442AB432A000521291 /* Main.storyboard in Resources */ = {isa = PBXBuildFile; fileRef = CA0898422AB432A000521291 /* Main.storyboard */; };
		CA0898462AB432A300521291 /* Assets.xcassets in Resources */ = {isa = PBXBuildFile; fileRef = CA0898452AB432A300521291 /* Assets.xcassets */; };
		CA0898492AB432A300521291 /* LaunchScreen.storyboard in Resources */ = {isa = PBXBuildFile; fileRef = CA0898472AB432A300521291 /* LaunchScreen.storyboard */; };
		CA0898542AB432A300521291 /* SDUSampleAppTests.swift in Sources */ = {isa = PBXBuildFile; fileRef = CA0898532AB432A300521291 /* SDUSampleAppTests.swift */; };
		CA08985E2AB432A300521291 /* SDUSampleAppUITests.swift in Sources */ = {isa = PBXBuildFile; fileRef = CA08985D2AB432A300521291 /* SDUSampleAppUITests.swift */; };
		CA0898602AB432A300521291 /* SDUSampleAppUITestsLaunchTests.swift in Sources */ = {isa = PBXBuildFile; fileRef = CA08985F2AB432A300521291 /* SDUSampleAppUITestsLaunchTests.swift */; };
		CA08986E2AB434AD00521291 /* login.json in Resources */ = {isa = PBXBuildFile; fileRef = CA08986D2AB434AD00521291 /* login.json */; };
		CA0898742AB481AF00521291 /* NetworkServiceProtocol.swift in Sources */ = {isa = PBXBuildFile; fileRef = CA0898732AB481AF00521291 /* NetworkServiceProtocol.swift */; };
		CA0898762AB481FB00521291 /* LocalService.swift in Sources */ = {isa = PBXBuildFile; fileRef = CA0898752AB481FB00521291 /* LocalService.swift */; };
		CB956707BD8AC83FADFECD0D /* Pods_SDUSampleApp_SDUSampleAppUITests.framework in Frameworks */ = {isa = PBXBuildFile; fileRef = CAEBDD32D080BC43E7414A28 /* Pods_SDUSampleApp_SDUSampleAppUITests.framework */; };
		F06214FBB649B6C573701A67 /* Pods_SDUSampleAppTests.framework in Frameworks */ = {isa = PBXBuildFile; fileRef = D0E087EDB513586E677D78F2 /* Pods_SDUSampleAppTests.framework */; };
/* End PBXBuildFile section */

/* Begin PBXContainerItemProxy section */
		CA0898502AB432A300521291 /* PBXContainerItemProxy */ = {
			isa = PBXContainerItemProxy;
			containerPortal = CA0898312AB432A000521291 /* Project object */;
			proxyType = 1;
			remoteGlobalIDString = CA0898382AB432A000521291;
			remoteInfo = SDUSampleApp;
		};
		CA08985A2AB432A300521291 /* PBXContainerItemProxy */ = {
			isa = PBXContainerItemProxy;
			containerPortal = CA0898312AB432A000521291 /* Project object */;
			proxyType = 1;
			remoteGlobalIDString = CA0898382AB432A000521291;
			remoteInfo = SDUSampleApp;
		};
/* End PBXContainerItemProxy section */

/* Begin PBXFileReference section */
		1040C88C2AB845A200968E7A /* CustomLabel.swift */ = {isa = PBXFileReference; lastKnownFileType = sourcecode.swift; path = CustomLabel.swift; sourceTree = "<group>"; };
		1040C88E2AB848D000968E7A /* CustomButton.swift */ = {isa = PBXFileReference; lastKnownFileType = sourcecode.swift; path = CustomButton.swift; sourceTree = "<group>"; };
		1040C8902AB848DD00968E7A /* CustomTextField.swift */ = {isa = PBXFileReference; lastKnownFileType = sourcecode.swift; path = CustomTextField.swift; sourceTree = "<group>"; };
		10B036C12ABADC03000CD13F /* onboarding.json */ = {isa = PBXFileReference; fileEncoding = 4; lastKnownFileType = text.json; path = onboarding.json; sourceTree = "<group>"; };
		10B036C32ABADE0D000CD13F /* ScreenModel.swift */ = {isa = PBXFileReference; lastKnownFileType = sourcecode.swift; path = ScreenModel.swift; sourceTree = "<group>"; };
		5E6CA6D47F54D2C967D49D20 /* Pods_SDUSampleApp.framework */ = {isa = PBXFileReference; explicitFileType = wrapper.framework; includeInIndex = 0; path = Pods_SDUSampleApp.framework; sourceTree = BUILT_PRODUCTS_DIR; };
		7882E03B128C659F28DF5CBF /* Pods-SDUSampleApp.debug.xcconfig */ = {isa = PBXFileReference; includeInIndex = 1; lastKnownFileType = text.xcconfig; name = "Pods-SDUSampleApp.debug.xcconfig"; path = "Target Support Files/Pods-SDUSampleApp/Pods-SDUSampleApp.debug.xcconfig"; sourceTree = "<group>"; };
		8F24B1EC292F00376600409E /* Pods-SDUSampleApp-SDUSampleAppUITests.release.xcconfig */ = {isa = PBXFileReference; includeInIndex = 1; lastKnownFileType = text.xcconfig; name = "Pods-SDUSampleApp-SDUSampleAppUITests.release.xcconfig"; path = "Target Support Files/Pods-SDUSampleApp-SDUSampleAppUITests/Pods-SDUSampleApp-SDUSampleAppUITests.release.xcconfig"; sourceTree = "<group>"; };
		A44D3B224FC3859567ED78D8 /* Pods-SDUSampleApp.release.xcconfig */ = {isa = PBXFileReference; includeInIndex = 1; lastKnownFileType = text.xcconfig; name = "Pods-SDUSampleApp.release.xcconfig"; path = "Target Support Files/Pods-SDUSampleApp/Pods-SDUSampleApp.release.xcconfig"; sourceTree = "<group>"; };
		C3B727BC282AD006622945AE /* Pods-SDUSampleAppTests.release.xcconfig */ = {isa = PBXFileReference; includeInIndex = 1; lastKnownFileType = text.xcconfig; name = "Pods-SDUSampleAppTests.release.xcconfig"; path = "Target Support Files/Pods-SDUSampleAppTests/Pods-SDUSampleAppTests.release.xcconfig"; sourceTree = "<group>"; };
		C961A5CD46CF7EADF1E39A8A /* Pods-SDUSampleAppTests.debug.xcconfig */ = {isa = PBXFileReference; includeInIndex = 1; lastKnownFileType = text.xcconfig; name = "Pods-SDUSampleAppTests.debug.xcconfig"; path = "Target Support Files/Pods-SDUSampleAppTests/Pods-SDUSampleAppTests.debug.xcconfig"; sourceTree = "<group>"; };
		CA06C0372AB841CF00C63E59 /* LoginViewModel.swift */ = {isa = PBXFileReference; fileEncoding = 4; lastKnownFileType = sourcecode.swift; path = LoginViewModel.swift; sourceTree = "<group>"; };
		CA06C0422AB9617A00C63E59 /* ScreenBuilder.swift */ = {isa = PBXFileReference; lastKnownFileType = sourcecode.swift; path = ScreenBuilder.swift; sourceTree = "<group>"; };
		CA06C0442AB961D700C63E59 /* TextFieldBuilder.swift */ = {isa = PBXFileReference; lastKnownFileType = sourcecode.swift; path = TextFieldBuilder.swift; sourceTree = "<group>"; };
		CA06C0462AB9627F00C63E59 /* LabelBuilder.swift */ = {isa = PBXFileReference; lastKnownFileType = sourcecode.swift; path = LabelBuilder.swift; sourceTree = "<group>"; };
		CA06C0482AB962C400C63E59 /* ButtonBuilder.swift */ = {isa = PBXFileReference; lastKnownFileType = sourcecode.swift; path = ButtonBuilder.swift; sourceTree = "<group>"; };
		CA06C04C2AB9827500C63E59 /* UIColorExtension.swift */ = {isa = PBXFileReference; lastKnownFileType = sourcecode.swift; path = UIColorExtension.swift; sourceTree = "<group>"; };
		CA06C0512ABAF24000C63E59 /* ComponentIdentifier.swift */ = {isa = PBXFileReference; lastKnownFileType = sourcecode.swift; path = ComponentIdentifier.swift; sourceTree = "<group>"; };
		CA06C0572ABAFD2600C63E59 /* UIViewControllerExtension.swift */ = {isa = PBXFileReference; fileEncoding = 4; lastKnownFileType = sourcecode.swift; path = UIViewControllerExtension.swift; sourceTree = "<group>"; };
		CA06C0592ABAFD2600C63E59 /* StringExtension.swift */ = {isa = PBXFileReference; fileEncoding = 4; lastKnownFileType = sourcecode.swift; path = StringExtension.swift; sourceTree = "<group>"; };
		CA06C05B2ABAFD2600C63E59 /* ViewcontrollerFactory.swift */ = {isa = PBXFileReference; fileEncoding = 4; lastKnownFileType = sourcecode.swift; path = ViewcontrollerFactory.swift; sourceTree = "<group>"; };
		CA0898392AB432A000521291 /* SDUSampleApp.app */ = {isa = PBXFileReference; explicitFileType = wrapper.application; includeInIndex = 0; path = SDUSampleApp.app; sourceTree = BUILT_PRODUCTS_DIR; };
		CA08983C2AB432A000521291 /* AppDelegate.swift */ = {isa = PBXFileReference; lastKnownFileType = sourcecode.swift; path = AppDelegate.swift; sourceTree = "<group>"; };
		CA08983E2AB432A000521291 /* SceneDelegate.swift */ = {isa = PBXFileReference; lastKnownFileType = sourcecode.swift; path = SceneDelegate.swift; sourceTree = "<group>"; };
		CA0898402AB432A000521291 /* LoginViewController.swift */ = {isa = PBXFileReference; lastKnownFileType = sourcecode.swift; path = LoginViewController.swift; sourceTree = "<group>"; };
		CA0898432AB432A000521291 /* Base */ = {isa = PBXFileReference; lastKnownFileType = file.storyboard; name = Base; path = Base.lproj/Main.storyboard; sourceTree = "<group>"; };
		CA0898452AB432A300521291 /* Assets.xcassets */ = {isa = PBXFileReference; lastKnownFileType = folder.assetcatalog; path = Assets.xcassets; sourceTree = "<group>"; };
		CA0898482AB432A300521291 /* Base */ = {isa = PBXFileReference; lastKnownFileType = file.storyboard; name = Base; path = Base.lproj/LaunchScreen.storyboard; sourceTree = "<group>"; };
		CA08984A2AB432A300521291 /* Info.plist */ = {isa = PBXFileReference; lastKnownFileType = text.plist.xml; path = Info.plist; sourceTree = "<group>"; };
		CA08984F2AB432A300521291 /* SDUSampleAppTests.xctest */ = {isa = PBXFileReference; explicitFileType = wrapper.cfbundle; includeInIndex = 0; path = SDUSampleAppTests.xctest; sourceTree = BUILT_PRODUCTS_DIR; };
		CA0898532AB432A300521291 /* SDUSampleAppTests.swift */ = {isa = PBXFileReference; lastKnownFileType = sourcecode.swift; path = SDUSampleAppTests.swift; sourceTree = "<group>"; };
		CA0898592AB432A300521291 /* SDUSampleAppUITests.xctest */ = {isa = PBXFileReference; explicitFileType = wrapper.cfbundle; includeInIndex = 0; path = SDUSampleAppUITests.xctest; sourceTree = BUILT_PRODUCTS_DIR; };
		CA08985D2AB432A300521291 /* SDUSampleAppUITests.swift */ = {isa = PBXFileReference; lastKnownFileType = sourcecode.swift; path = SDUSampleAppUITests.swift; sourceTree = "<group>"; };
		CA08985F2AB432A300521291 /* SDUSampleAppUITestsLaunchTests.swift */ = {isa = PBXFileReference; lastKnownFileType = sourcecode.swift; path = SDUSampleAppUITestsLaunchTests.swift; sourceTree = "<group>"; };
		CA08986D2AB434AD00521291 /* login.json */ = {isa = PBXFileReference; lastKnownFileType = text.json; path = login.json; sourceTree = "<group>"; };
		CA0898732AB481AF00521291 /* NetworkServiceProtocol.swift */ = {isa = PBXFileReference; lastKnownFileType = sourcecode.swift; path = NetworkServiceProtocol.swift; sourceTree = "<group>"; };
		CA0898752AB481FB00521291 /* LocalService.swift */ = {isa = PBXFileReference; lastKnownFileType = sourcecode.swift; path = LocalService.swift; sourceTree = "<group>"; };
		CAEBDD32D080BC43E7414A28 /* Pods_SDUSampleApp_SDUSampleAppUITests.framework */ = {isa = PBXFileReference; explicitFileType = wrapper.framework; includeInIndex = 0; path = Pods_SDUSampleApp_SDUSampleAppUITests.framework; sourceTree = BUILT_PRODUCTS_DIR; };
		D0E087EDB513586E677D78F2 /* Pods_SDUSampleAppTests.framework */ = {isa = PBXFileReference; explicitFileType = wrapper.framework; includeInIndex = 0; path = Pods_SDUSampleAppTests.framework; sourceTree = BUILT_PRODUCTS_DIR; };
		F52E1902530B83EB95DD9DEE /* Pods-SDUSampleApp-SDUSampleAppUITests.debug.xcconfig */ = {isa = PBXFileReference; includeInIndex = 1; lastKnownFileType = text.xcconfig; name = "Pods-SDUSampleApp-SDUSampleAppUITests.debug.xcconfig"; path = "Target Support Files/Pods-SDUSampleApp-SDUSampleAppUITests/Pods-SDUSampleApp-SDUSampleAppUITests.debug.xcconfig"; sourceTree = "<group>"; };
/* End PBXFileReference section */

/* Begin PBXFrameworksBuildPhase section */
		CA0898362AB432A000521291 /* Frameworks */ = {
			isa = PBXFrameworksBuildPhase;
			buildActionMask = 2147483647;
			files = (
				068A3BACE6D226206F915B1E /* Pods_SDUSampleApp.framework in Frameworks */,
			);
			runOnlyForDeploymentPostprocessing = 0;
		};
		CA08984C2AB432A300521291 /* Frameworks */ = {
			isa = PBXFrameworksBuildPhase;
			buildActionMask = 2147483647;
			files = (
				F06214FBB649B6C573701A67 /* Pods_SDUSampleAppTests.framework in Frameworks */,
			);
			runOnlyForDeploymentPostprocessing = 0;
		};
		CA0898562AB432A300521291 /* Frameworks */ = {
			isa = PBXFrameworksBuildPhase;
			buildActionMask = 2147483647;
			files = (
				CB956707BD8AC83FADFECD0D /* Pods_SDUSampleApp_SDUSampleAppUITests.framework in Frameworks */,
			);
			runOnlyForDeploymentPostprocessing = 0;
		};
/* End PBXFrameworksBuildPhase section */

/* Begin PBXGroup section */
		1040C88B2AB844D400968E7A /* Components */ = {
			isa = PBXGroup;
			children = (
				1040C88C2AB845A200968E7A /* CustomLabel.swift */,
				1040C88E2AB848D000968E7A /* CustomButton.swift */,
				1040C8902AB848DD00968E7A /* CustomTextField.swift */,
			);
			path = Components;
			sourceTree = "<group>";
		};
		5C7F6AF312383606CDA439FF /* Frameworks */ = {
			isa = PBXGroup;
			children = (
				5E6CA6D47F54D2C967D49D20 /* Pods_SDUSampleApp.framework */,
				CAEBDD32D080BC43E7414A28 /* Pods_SDUSampleApp_SDUSampleAppUITests.framework */,
				D0E087EDB513586E677D78F2 /* Pods_SDUSampleAppTests.framework */,
			);
			name = Frameworks;
			sourceTree = "<group>";
		};
		647E02E156F0F2475EB6390E /* Pods */ = {
			isa = PBXGroup;
			children = (
				7882E03B128C659F28DF5CBF /* Pods-SDUSampleApp.debug.xcconfig */,
				A44D3B224FC3859567ED78D8 /* Pods-SDUSampleApp.release.xcconfig */,
				F52E1902530B83EB95DD9DEE /* Pods-SDUSampleApp-SDUSampleAppUITests.debug.xcconfig */,
				8F24B1EC292F00376600409E /* Pods-SDUSampleApp-SDUSampleAppUITests.release.xcconfig */,
				C961A5CD46CF7EADF1E39A8A /* Pods-SDUSampleAppTests.debug.xcconfig */,
				C3B727BC282AD006622945AE /* Pods-SDUSampleAppTests.release.xcconfig */,
			);
			path = Pods;
			sourceTree = "<group>";
		};
		CA06C0292AB8144C00C63E59 /* ViewModel */ = {
			isa = PBXGroup;
			children = (
				CA06C0372AB841CF00C63E59 /* LoginViewModel.swift */,
			);
			path = ViewModel;
			sourceTree = "<group>";
		};
		CA06C0412AB9614D00C63E59 /* ComponentBuilder */ = {
			isa = PBXGroup;
			children = (
				CA06C0422AB9617A00C63E59 /* ScreenBuilder.swift */,
				CA06C0442AB961D700C63E59 /* TextFieldBuilder.swift */,
				CA06C0462AB9627F00C63E59 /* LabelBuilder.swift */,
				CA06C04E2ABABA3E00C63E59 /* ButtonBuilder */,
			);
			path = ComponentBuilder;
			sourceTree = "<group>";
		};
		CA06C04A2AB963F800C63E59 /* ViewControllers */ = {
			isa = PBXGroup;
			children = (
				CA0898402AB432A000521291 /* LoginViewController.swift */,
			);
			path = ViewControllers;
			sourceTree = "<group>";
		};
		CA06C04E2ABABA3E00C63E59 /* ButtonBuilder */ = {
			isa = PBXGroup;
			children = (
				CA06C0482AB962C400C63E59 /* ButtonBuilder.swift */,
			);
			path = ButtonBuilder;
			sourceTree = "<group>";
		};
		CA06C0552ABAFD2600C63E59 /* Helper */ = {
			isa = PBXGroup;
			children = (
				CA06C0562ABAFD2600C63E59 /* Extension */,
				CA06C05B2ABAFD2600C63E59 /* ViewcontrollerFactory.swift */,
			);
			path = Helper;
			sourceTree = "<group>";
		};
		CA06C0562ABAFD2600C63E59 /* Extension */ = {
			isa = PBXGroup;
			children = (
				CA06C0572ABAFD2600C63E59 /* UIViewControllerExtension.swift */,
				CA06C0592ABAFD2600C63E59 /* StringExtension.swift */,
				CA06C04C2AB9827500C63E59 /* UIColorExtension.swift */,
			);
			path = Extension;
			sourceTree = "<group>";
		};
		CA0898302AB432A000521291 = {
			isa = PBXGroup;
			children = (
				CA08983B2AB432A000521291 /* SDUSampleApp */,
				CA0898522AB432A300521291 /* SDUSampleAppTests */,
				CA08985C2AB432A300521291 /* SDUSampleAppUITests */,
				CA08983A2AB432A000521291 /* Products */,
				647E02E156F0F2475EB6390E /* Pods */,
				5C7F6AF312383606CDA439FF /* Frameworks */,
			);
			sourceTree = "<group>";
		};
		CA08983A2AB432A000521291 /* Products */ = {
			isa = PBXGroup;
			children = (
				CA0898392AB432A000521291 /* SDUSampleApp.app */,
				CA08984F2AB432A300521291 /* SDUSampleAppTests.xctest */,
				CA0898592AB432A300521291 /* SDUSampleAppUITests.xctest */,
			);
			name = Products;
			sourceTree = "<group>";
		};
		CA08983B2AB432A000521291 /* SDUSampleApp */ = {
			isa = PBXGroup;
			children = (
				CA06C0552ABAFD2600C63E59 /* Helper */,
				CA06C0412AB9614D00C63E59 /* ComponentBuilder */,
				1040C88B2AB844D400968E7A /* Components */,
				CA08986F2AB45BB900521291 /* UIModels */,
				CA06C0292AB8144C00C63E59 /* ViewModel */,
				CA06C04A2AB963F800C63E59 /* ViewControllers */,
				CA0898722AB4818600521291 /* Service */,
				CA08986C2AB4346200521291 /* Resources */,
				CA08983E2AB432A000521291 /* SceneDelegate.swift */,
				CA08983C2AB432A000521291 /* AppDelegate.swift */,
				CA0898422AB432A000521291 /* Main.storyboard */,
				CA0898452AB432A300521291 /* Assets.xcassets */,
				CA0898472AB432A300521291 /* LaunchScreen.storyboard */,
				CA08984A2AB432A300521291 /* Info.plist */,
			);
			path = SDUSampleApp;
			sourceTree = "<group>";
		};
		CA0898522AB432A300521291 /* SDUSampleAppTests */ = {
			isa = PBXGroup;
			children = (
				CA0898532AB432A300521291 /* SDUSampleAppTests.swift */,
			);
			path = SDUSampleAppTests;
			sourceTree = "<group>";
		};
		CA08985C2AB432A300521291 /* SDUSampleAppUITests */ = {
			isa = PBXGroup;
			children = (
				CA08985D2AB432A300521291 /* SDUSampleAppUITests.swift */,
				CA08985F2AB432A300521291 /* SDUSampleAppUITestsLaunchTests.swift */,
			);
			path = SDUSampleAppUITests;
			sourceTree = "<group>";
		};
		CA08986C2AB4346200521291 /* Resources */ = {
			isa = PBXGroup;
			children = (
				CA08986D2AB434AD00521291 /* login.json */,
				10B036C12ABADC03000CD13F /* onboarding.json */,
			);
			path = Resources;
			sourceTree = "<group>";
		};
		CA08986F2AB45BB900521291 /* UIModels */ = {
			isa = PBXGroup;
			children = (
				10B036C32ABADE0D000CD13F /* ScreenModel.swift */,
				CA06C0512ABAF24000C63E59 /* ComponentIdentifier.swift */,
			);
			path = UIModels;
			sourceTree = "<group>";
		};
		CA0898722AB4818600521291 /* Service */ = {
			isa = PBXGroup;
			children = (
				CA0898732AB481AF00521291 /* NetworkServiceProtocol.swift */,
				CA0898752AB481FB00521291 /* LocalService.swift */,
			);
			path = Service;
			sourceTree = "<group>";
		};
/* End PBXGroup section */

/* Begin PBXNativeTarget section */
		CA0898382AB432A000521291 /* SDUSampleApp */ = {
			isa = PBXNativeTarget;
			buildConfigurationList = CA0898632AB432A300521291 /* Build configuration list for PBXNativeTarget "SDUSampleApp" */;
			buildPhases = (
				894845D06C5229F7DBBA4B75 /* [CP] Check Pods Manifest.lock */,
				CA0898352AB432A000521291 /* Sources */,
				CA0898362AB432A000521291 /* Frameworks */,
				CA0898372AB432A000521291 /* Resources */,
				CA06C0612ABC0ECF00C63E59 /* ShellScript */,
			);
			buildRules = (
			);
			dependencies = (
			);
			name = SDUSampleApp;
			productName = SDUSampleApp;
			productReference = CA0898392AB432A000521291 /* SDUSampleApp.app */;
			productType = "com.apple.product-type.application";
		};
		CA08984E2AB432A300521291 /* SDUSampleAppTests */ = {
			isa = PBXNativeTarget;
			buildConfigurationList = CA0898662AB432A300521291 /* Build configuration list for PBXNativeTarget "SDUSampleAppTests" */;
			buildPhases = (
				93076AB6482C201D83F32694 /* [CP] Check Pods Manifest.lock */,
				CA08984B2AB432A300521291 /* Sources */,
				CA08984C2AB432A300521291 /* Frameworks */,
				CA08984D2AB432A300521291 /* Resources */,
			);
			buildRules = (
			);
			dependencies = (
				CA0898512AB432A300521291 /* PBXTargetDependency */,
			);
			name = SDUSampleAppTests;
			productName = SDUSampleAppTests;
			productReference = CA08984F2AB432A300521291 /* SDUSampleAppTests.xctest */;
			productType = "com.apple.product-type.bundle.unit-test";
		};
		CA0898582AB432A300521291 /* SDUSampleAppUITests */ = {
			isa = PBXNativeTarget;
			buildConfigurationList = CA0898692AB432A300521291 /* Build configuration list for PBXNativeTarget "SDUSampleAppUITests" */;
			buildPhases = (
				3323F933A015B656A0A555FA /* [CP] Check Pods Manifest.lock */,
				CA0898552AB432A300521291 /* Sources */,
				CA0898562AB432A300521291 /* Frameworks */,
				CA0898572AB432A300521291 /* Resources */,
			);
			buildRules = (
			);
			dependencies = (
				CA08985B2AB432A300521291 /* PBXTargetDependency */,
			);
			name = SDUSampleAppUITests;
			productName = SDUSampleAppUITests;
			productReference = CA0898592AB432A300521291 /* SDUSampleAppUITests.xctest */;
			productType = "com.apple.product-type.bundle.ui-testing";
		};
/* End PBXNativeTarget section */

/* Begin PBXProject section */
		CA0898312AB432A000521291 /* Project object */ = {
			isa = PBXProject;
			attributes = {
				BuildIndependentTargetsInParallel = 1;
				LastSwiftUpdateCheck = 1430;
				LastUpgradeCheck = 1430;
				TargetAttributes = {
					CA0898382AB432A000521291 = {
						CreatedOnToolsVersion = 14.3.1;
					};
					CA08984E2AB432A300521291 = {
						CreatedOnToolsVersion = 14.3.1;
						TestTargetID = CA0898382AB432A000521291;
					};
					CA0898582AB432A300521291 = {
						CreatedOnToolsVersion = 14.3.1;
						TestTargetID = CA0898382AB432A000521291;
					};
				};
			};
			buildConfigurationList = CA0898342AB432A000521291 /* Build configuration list for PBXProject "SDUSampleApp" */;
			compatibilityVersion = "Xcode 14.0";
			developmentRegion = en;
			hasScannedForEncodings = 0;
			knownRegions = (
				en,
				Base,
			);
			mainGroup = CA0898302AB432A000521291;
			productRefGroup = CA08983A2AB432A000521291 /* Products */;
			projectDirPath = "";
			projectRoot = "";
			targets = (
				CA0898382AB432A000521291 /* SDUSampleApp */,
				CA08984E2AB432A300521291 /* SDUSampleAppTests */,
				CA0898582AB432A300521291 /* SDUSampleAppUITests */,
			);
		};
/* End PBXProject section */

/* Begin PBXResourcesBuildPhase section */
		CA0898372AB432A000521291 /* Resources */ = {
			isa = PBXResourcesBuildPhase;
			buildActionMask = 2147483647;
			files = (
				CA0898492AB432A300521291 /* LaunchScreen.storyboard in Resources */,
				CA0898462AB432A300521291 /* Assets.xcassets in Resources */,
				CA0898442AB432A000521291 /* Main.storyboard in Resources */,
				CA08986E2AB434AD00521291 /* login.json in Resources */,
				10B036C22ABADC03000CD13F /* onboarding.json in Resources */,
			);
			runOnlyForDeploymentPostprocessing = 0;
		};
		CA08984D2AB432A300521291 /* Resources */ = {
			isa = PBXResourcesBuildPhase;
			buildActionMask = 2147483647;
			files = (
			);
			runOnlyForDeploymentPostprocessing = 0;
		};
		CA0898572AB432A300521291 /* Resources */ = {
			isa = PBXResourcesBuildPhase;
			buildActionMask = 2147483647;
			files = (
			);
			runOnlyForDeploymentPostprocessing = 0;
		};
/* End PBXResourcesBuildPhase section */

/* Begin PBXShellScriptBuildPhase section */
		3323F933A015B656A0A555FA /* [CP] Check Pods Manifest.lock */ = {
			isa = PBXShellScriptBuildPhase;
			buildActionMask = 2147483647;
			files = (
			);
			inputFileListPaths = (
			);
			inputPaths = (
				"${PODS_PODFILE_DIR_PATH}/Podfile.lock",
				"${PODS_ROOT}/Manifest.lock",
			);
			name = "[CP] Check Pods Manifest.lock";
			outputFileListPaths = (
			);
			outputPaths = (
				"$(DERIVED_FILE_DIR)/Pods-SDUSampleApp-SDUSampleAppUITests-checkManifestLockResult.txt",
			);
			runOnlyForDeploymentPostprocessing = 0;
			shellPath = /bin/sh;
			shellScript = "diff \"${PODS_PODFILE_DIR_PATH}/Podfile.lock\" \"${PODS_ROOT}/Manifest.lock\" > /dev/null\nif [ $? != 0 ] ; then\n    # print error to STDERR\n    echo \"error: The sandbox is not in sync with the Podfile.lock. Run 'pod install' or update your CocoaPods installation.\" >&2\n    exit 1\nfi\n# This output is used by Xcode 'outputs' to avoid re-running this script phase.\necho \"SUCCESS\" > \"${SCRIPT_OUTPUT_FILE_0}\"\n";
			showEnvVarsInLog = 0;
		};
		894845D06C5229F7DBBA4B75 /* [CP] Check Pods Manifest.lock */ = {
			isa = PBXShellScriptBuildPhase;
			buildActionMask = 2147483647;
			files = (
			);
			inputFileListPaths = (
			);
			inputPaths = (
				"${PODS_PODFILE_DIR_PATH}/Podfile.lock",
				"${PODS_ROOT}/Manifest.lock",
			);
			name = "[CP] Check Pods Manifest.lock";
			outputFileListPaths = (
			);
			outputPaths = (
				"$(DERIVED_FILE_DIR)/Pods-SDUSampleApp-checkManifestLockResult.txt",
			);
			runOnlyForDeploymentPostprocessing = 0;
			shellPath = /bin/sh;
			shellScript = "diff \"${PODS_PODFILE_DIR_PATH}/Podfile.lock\" \"${PODS_ROOT}/Manifest.lock\" > /dev/null\nif [ $? != 0 ] ; then\n    # print error to STDERR\n    echo \"error: The sandbox is not in sync with the Podfile.lock. Run 'pod install' or update your CocoaPods installation.\" >&2\n    exit 1\nfi\n# This output is used by Xcode 'outputs' to avoid re-running this script phase.\necho \"SUCCESS\" > \"${SCRIPT_OUTPUT_FILE_0}\"\n";
			showEnvVarsInLog = 0;
		};
		93076AB6482C201D83F32694 /* [CP] Check Pods Manifest.lock */ = {
			isa = PBXShellScriptBuildPhase;
			buildActionMask = 2147483647;
			files = (
			);
			inputFileListPaths = (
			);
			inputPaths = (
				"${PODS_PODFILE_DIR_PATH}/Podfile.lock",
				"${PODS_ROOT}/Manifest.lock",
			);
			name = "[CP] Check Pods Manifest.lock";
			outputFileListPaths = (
			);
			outputPaths = (
				"$(DERIVED_FILE_DIR)/Pods-SDUSampleAppTests-checkManifestLockResult.txt",
			);
			runOnlyForDeploymentPostprocessing = 0;
			shellPath = /bin/sh;
			shellScript = "diff \"${PODS_PODFILE_DIR_PATH}/Podfile.lock\" \"${PODS_ROOT}/Manifest.lock\" > /dev/null\nif [ $? != 0 ] ; then\n    # print error to STDERR\n    echo \"error: The sandbox is not in sync with the Podfile.lock. Run 'pod install' or update your CocoaPods installation.\" >&2\n    exit 1\nfi\n# This output is used by Xcode 'outputs' to avoid re-running this script phase.\necho \"SUCCESS\" > \"${SCRIPT_OUTPUT_FILE_0}\"\n";
			showEnvVarsInLog = 0;
		};
		CA06C0612ABC0ECF00C63E59 /* ShellScript */ = {
			isa = PBXShellScriptBuildPhase;
			alwaysOutOfDate = 1;
			buildActionMask = 2147483647;
			files = (
			);
			inputFileListPaths = (
			);
			inputPaths = (
			);
			outputFileListPaths = (
			);
			outputPaths = (
			);
			runOnlyForDeploymentPostprocessing = 0;
			shellPath = /bin/sh;
			shellScript = "# Type a script or drag a script file from your workspace to insert its path.\n\"${PODS_ROOT}/SwiftLint/swiftlint\"\n";
		};
/* End PBXShellScriptBuildPhase section */

/* Begin PBXSourcesBuildPhase section */
		CA0898352AB432A000521291 /* Sources */ = {
			isa = PBXSourcesBuildPhase;
			buildActionMask = 2147483647;
			files = (
				CA0898742AB481AF00521291 /* NetworkServiceProtocol.swift in Sources */,
				10B036C42ABADE0D000CD13F /* ScreenModel.swift in Sources */,
				CA06C05C2ABAFD2600C63E59 /* UIViewControllerExtension.swift in Sources */,
				CA06C0492AB962C400C63E59 /* ButtonBuilder.swift in Sources */,
				CA06C0472AB9627F00C63E59 /* LabelBuilder.swift in Sources */,
				CA06C0452AB961D800C63E59 /* TextFieldBuilder.swift in Sources */,
				CA06C04D2AB9827500C63E59 /* UIColorExtension.swift in Sources */,
				CA06C0432AB9617A00C63E59 /* ScreenBuilder.swift in Sources */,
				CA06C0522ABAF24000C63E59 /* ComponentIdentifier.swift in Sources */,
				CA06C0602ABAFD2600C63E59 /* ViewcontrollerFactory.swift in Sources */,
				CA0898412AB432A000521291 /* LoginViewController.swift in Sources */,
				1040C88F2AB848D000968E7A /* CustomButton.swift in Sources */,
				CA06C05E2ABAFD2600C63E59 /* StringExtension.swift in Sources */,
				1040C8912AB848DD00968E7A /* CustomTextField.swift in Sources */,
				CA08983D2AB432A000521291 /* AppDelegate.swift in Sources */,
				CA08983F2AB432A000521291 /* SceneDelegate.swift in Sources */,
				CA0898762AB481FB00521291 /* LocalService.swift in Sources */,
				CA06C0382AB841CF00C63E59 /* LoginViewModel.swift in Sources */,
				1040C88D2AB845A200968E7A /* CustomLabel.swift in Sources */,
			);
			runOnlyForDeploymentPostprocessing = 0;
		};
		CA08984B2AB432A300521291 /* Sources */ = {
			isa = PBXSourcesBuildPhase;
			buildActionMask = 2147483647;
			files = (
				CA0898542AB432A300521291 /* SDUSampleAppTests.swift in Sources */,
			);
			runOnlyForDeploymentPostprocessing = 0;
		};
		CA0898552AB432A300521291 /* Sources */ = {
			isa = PBXSourcesBuildPhase;
			buildActionMask = 2147483647;
			files = (
				CA08985E2AB432A300521291 /* SDUSampleAppUITests.swift in Sources */,
				CA0898602AB432A300521291 /* SDUSampleAppUITestsLaunchTests.swift in Sources */,
			);
			runOnlyForDeploymentPostprocessing = 0;
		};
/* End PBXSourcesBuildPhase section */

/* Begin PBXTargetDependency section */
		CA0898512AB432A300521291 /* PBXTargetDependency */ = {
			isa = PBXTargetDependency;
			target = CA0898382AB432A000521291 /* SDUSampleApp */;
			targetProxy = CA0898502AB432A300521291 /* PBXContainerItemProxy */;
		};
		CA08985B2AB432A300521291 /* PBXTargetDependency */ = {
			isa = PBXTargetDependency;
			target = CA0898382AB432A000521291 /* SDUSampleApp */;
			targetProxy = CA08985A2AB432A300521291 /* PBXContainerItemProxy */;
		};
/* End PBXTargetDependency section */

/* Begin PBXVariantGroup section */
		CA0898422AB432A000521291 /* Main.storyboard */ = {
			isa = PBXVariantGroup;
			children = (
				CA0898432AB432A000521291 /* Base */,
			);
			name = Main.storyboard;
			sourceTree = "<group>";
		};
		CA0898472AB432A300521291 /* LaunchScreen.storyboard */ = {
			isa = PBXVariantGroup;
			children = (
				CA0898482AB432A300521291 /* Base */,
			);
			name = LaunchScreen.storyboard;
			sourceTree = "<group>";
		};
/* End PBXVariantGroup section */

/* Begin XCBuildConfiguration section */
		CA0898612AB432A300521291 /* Debug */ = {
			isa = XCBuildConfiguration;
			buildSettings = {
				ALWAYS_SEARCH_USER_PATHS = NO;
				CLANG_ANALYZER_NONNULL = YES;
				CLANG_ANALYZER_NUMBER_OBJECT_CONVERSION = YES_AGGRESSIVE;
				CLANG_CXX_LANGUAGE_STANDARD = "gnu++20";
				CLANG_ENABLE_MODULES = YES;
				CLANG_ENABLE_OBJC_ARC = YES;
				CLANG_ENABLE_OBJC_WEAK = YES;
				CLANG_WARN_BLOCK_CAPTURE_AUTORELEASING = YES;
				CLANG_WARN_BOOL_CONVERSION = YES;
				CLANG_WARN_COMMA = YES;
				CLANG_WARN_CONSTANT_CONVERSION = YES;
				CLANG_WARN_DEPRECATED_OBJC_IMPLEMENTATIONS = YES;
				CLANG_WARN_DIRECT_OBJC_ISA_USAGE = YES_ERROR;
				CLANG_WARN_DOCUMENTATION_COMMENTS = YES;
				CLANG_WARN_EMPTY_BODY = YES;
				CLANG_WARN_ENUM_CONVERSION = YES;
				CLANG_WARN_INFINITE_RECURSION = YES;
				CLANG_WARN_INT_CONVERSION = YES;
				CLANG_WARN_NON_LITERAL_NULL_CONVERSION = YES;
				CLANG_WARN_OBJC_IMPLICIT_RETAIN_SELF = YES;
				CLANG_WARN_OBJC_LITERAL_CONVERSION = YES;
				CLANG_WARN_OBJC_ROOT_CLASS = YES_ERROR;
				CLANG_WARN_QUOTED_INCLUDE_IN_FRAMEWORK_HEADER = YES;
				CLANG_WARN_RANGE_LOOP_ANALYSIS = YES;
				CLANG_WARN_STRICT_PROTOTYPES = YES;
				CLANG_WARN_SUSPICIOUS_MOVE = YES;
				CLANG_WARN_UNGUARDED_AVAILABILITY = YES_AGGRESSIVE;
				CLANG_WARN_UNREACHABLE_CODE = YES;
				CLANG_WARN__DUPLICATE_METHOD_MATCH = YES;
				COPY_PHASE_STRIP = NO;
				DEBUG_INFORMATION_FORMAT = dwarf;
				ENABLE_STRICT_OBJC_MSGSEND = YES;
				ENABLE_TESTABILITY = YES;
				GCC_C_LANGUAGE_STANDARD = gnu11;
				GCC_DYNAMIC_NO_PIC = NO;
				GCC_NO_COMMON_BLOCKS = YES;
				GCC_OPTIMIZATION_LEVEL = 0;
				GCC_PREPROCESSOR_DEFINITIONS = (
					"DEBUG=1",
					"$(inherited)",
				);
				GCC_WARN_64_TO_32_BIT_CONVERSION = YES;
				GCC_WARN_ABOUT_RETURN_TYPE = YES_ERROR;
				GCC_WARN_UNDECLARED_SELECTOR = YES;
				GCC_WARN_UNINITIALIZED_AUTOS = YES_AGGRESSIVE;
				GCC_WARN_UNUSED_FUNCTION = YES;
				GCC_WARN_UNUSED_VARIABLE = YES;
				IPHONEOS_DEPLOYMENT_TARGET = 16.4;
				MTL_ENABLE_DEBUG_INFO = INCLUDE_SOURCE;
				MTL_FAST_MATH = YES;
				ONLY_ACTIVE_ARCH = YES;
				SDKROOT = iphoneos;
				SWIFT_ACTIVE_COMPILATION_CONDITIONS = DEBUG;
				SWIFT_OPTIMIZATION_LEVEL = "-Onone";
			};
			name = Debug;
		};
		CA0898622AB432A300521291 /* Release */ = {
			isa = XCBuildConfiguration;
			buildSettings = {
				ALWAYS_SEARCH_USER_PATHS = NO;
				CLANG_ANALYZER_NONNULL = YES;
				CLANG_ANALYZER_NUMBER_OBJECT_CONVERSION = YES_AGGRESSIVE;
				CLANG_CXX_LANGUAGE_STANDARD = "gnu++20";
				CLANG_ENABLE_MODULES = YES;
				CLANG_ENABLE_OBJC_ARC = YES;
				CLANG_ENABLE_OBJC_WEAK = YES;
				CLANG_WARN_BLOCK_CAPTURE_AUTORELEASING = YES;
				CLANG_WARN_BOOL_CONVERSION = YES;
				CLANG_WARN_COMMA = YES;
				CLANG_WARN_CONSTANT_CONVERSION = YES;
				CLANG_WARN_DEPRECATED_OBJC_IMPLEMENTATIONS = YES;
				CLANG_WARN_DIRECT_OBJC_ISA_USAGE = YES_ERROR;
				CLANG_WARN_DOCUMENTATION_COMMENTS = YES;
				CLANG_WARN_EMPTY_BODY = YES;
				CLANG_WARN_ENUM_CONVERSION = YES;
				CLANG_WARN_INFINITE_RECURSION = YES;
				CLANG_WARN_INT_CONVERSION = YES;
				CLANG_WARN_NON_LITERAL_NULL_CONVERSION = YES;
				CLANG_WARN_OBJC_IMPLICIT_RETAIN_SELF = YES;
				CLANG_WARN_OBJC_LITERAL_CONVERSION = YES;
				CLANG_WARN_OBJC_ROOT_CLASS = YES_ERROR;
				CLANG_WARN_QUOTED_INCLUDE_IN_FRAMEWORK_HEADER = YES;
				CLANG_WARN_RANGE_LOOP_ANALYSIS = YES;
				CLANG_WARN_STRICT_PROTOTYPES = YES;
				CLANG_WARN_SUSPICIOUS_MOVE = YES;
				CLANG_WARN_UNGUARDED_AVAILABILITY = YES_AGGRESSIVE;
				CLANG_WARN_UNREACHABLE_CODE = YES;
				CLANG_WARN__DUPLICATE_METHOD_MATCH = YES;
				COPY_PHASE_STRIP = NO;
				DEBUG_INFORMATION_FORMAT = "dwarf-with-dsym";
				ENABLE_NS_ASSERTIONS = NO;
				ENABLE_STRICT_OBJC_MSGSEND = YES;
				GCC_C_LANGUAGE_STANDARD = gnu11;
				GCC_NO_COMMON_BLOCKS = YES;
				GCC_WARN_64_TO_32_BIT_CONVERSION = YES;
				GCC_WARN_ABOUT_RETURN_TYPE = YES_ERROR;
				GCC_WARN_UNDECLARED_SELECTOR = YES;
				GCC_WARN_UNINITIALIZED_AUTOS = YES_AGGRESSIVE;
				GCC_WARN_UNUSED_FUNCTION = YES;
				GCC_WARN_UNUSED_VARIABLE = YES;
				IPHONEOS_DEPLOYMENT_TARGET = 16.4;
				MTL_ENABLE_DEBUG_INFO = NO;
				MTL_FAST_MATH = YES;
				SDKROOT = iphoneos;
				SWIFT_COMPILATION_MODE = wholemodule;
				SWIFT_OPTIMIZATION_LEVEL = "-O";
				VALIDATE_PRODUCT = YES;
			};
			name = Release;
		};
		CA0898642AB432A300521291 /* Debug */ = {
			isa = XCBuildConfiguration;
			baseConfigurationReference = 7882E03B128C659F28DF5CBF /* Pods-SDUSampleApp.debug.xcconfig */;
			buildSettings = {
				ASSETCATALOG_COMPILER_APPICON_NAME = AppIcon;
				ASSETCATALOG_COMPILER_GLOBAL_ACCENT_COLOR_NAME = AccentColor;
				CODE_SIGN_STYLE = Automatic;
				CURRENT_PROJECT_VERSION = 1;
				GENERATE_INFOPLIST_FILE = YES;
				INFOPLIST_FILE = SDUSampleApp/Info.plist;
				INFOPLIST_KEY_UIApplicationSupportsIndirectInputEvents = YES;
				INFOPLIST_KEY_UILaunchStoryboardName = LaunchScreen;
				INFOPLIST_KEY_UIMainStoryboardFile = Main;
				INFOPLIST_KEY_UISupportedInterfaceOrientations_iPad = "UIInterfaceOrientationPortrait UIInterfaceOrientationPortraitUpsideDown UIInterfaceOrientationLandscapeLeft UIInterfaceOrientationLandscapeRight";
				INFOPLIST_KEY_UISupportedInterfaceOrientations_iPhone = "UIInterfaceOrientationPortrait UIInterfaceOrientationLandscapeLeft UIInterfaceOrientationLandscapeRight";
				LD_RUNPATH_SEARCH_PATHS = (
					"$(inherited)",
					"@executable_path/Frameworks",
				);
				MARKETING_VERSION = 1.0;
				PRODUCT_BUNDLE_IDENTIFIER = com.test.SDUSampleApp;
				PRODUCT_NAME = "$(TARGET_NAME)";
				SWIFT_EMIT_LOC_STRINGS = YES;
				SWIFT_VERSION = 5.0;
				TARGETED_DEVICE_FAMILY = "1,2";
			};
			name = Debug;
		};
		CA0898652AB432A300521291 /* Release */ = {
			isa = XCBuildConfiguration;
			baseConfigurationReference = A44D3B224FC3859567ED78D8 /* Pods-SDUSampleApp.release.xcconfig */;
			buildSettings = {
				ASSETCATALOG_COMPILER_APPICON_NAME = AppIcon;
				ASSETCATALOG_COMPILER_GLOBAL_ACCENT_COLOR_NAME = AccentColor;
				CODE_SIGN_STYLE = Automatic;
				CURRENT_PROJECT_VERSION = 1;
				GENERATE_INFOPLIST_FILE = YES;
				INFOPLIST_FILE = SDUSampleApp/Info.plist;
				INFOPLIST_KEY_UIApplicationSupportsIndirectInputEvents = YES;
				INFOPLIST_KEY_UILaunchStoryboardName = LaunchScreen;
				INFOPLIST_KEY_UIMainStoryboardFile = Main;
				INFOPLIST_KEY_UISupportedInterfaceOrientations_iPad = "UIInterfaceOrientationPortrait UIInterfaceOrientationPortraitUpsideDown UIInterfaceOrientationLandscapeLeft UIInterfaceOrientationLandscapeRight";
				INFOPLIST_KEY_UISupportedInterfaceOrientations_iPhone = "UIInterfaceOrientationPortrait UIInterfaceOrientationLandscapeLeft UIInterfaceOrientationLandscapeRight";
				LD_RUNPATH_SEARCH_PATHS = (
					"$(inherited)",
					"@executable_path/Frameworks",
				);
				MARKETING_VERSION = 1.0;
				PRODUCT_BUNDLE_IDENTIFIER = com.test.SDUSampleApp;
				PRODUCT_NAME = "$(TARGET_NAME)";
				SWIFT_EMIT_LOC_STRINGS = YES;
				SWIFT_VERSION = 5.0;
				TARGETED_DEVICE_FAMILY = "1,2";
			};
			name = Release;
		};
		CA0898672AB432A300521291 /* Debug */ = {
			isa = XCBuildConfiguration;
			baseConfigurationReference = C961A5CD46CF7EADF1E39A8A /* Pods-SDUSampleAppTests.debug.xcconfig */;
			buildSettings = {
				ALWAYS_EMBED_SWIFT_STANDARD_LIBRARIES = YES;
				BUNDLE_LOADER = "$(TEST_HOST)";
				CODE_SIGN_STYLE = Automatic;
				CURRENT_PROJECT_VERSION = 1;
				GENERATE_INFOPLIST_FILE = YES;
				IPHONEOS_DEPLOYMENT_TARGET = 16.4;
				MARKETING_VERSION = 1.0;
				PRODUCT_BUNDLE_IDENTIFIER = com.test.SDUSampleAppTests;
				PRODUCT_NAME = "$(TARGET_NAME)";
				SWIFT_EMIT_LOC_STRINGS = NO;
				SWIFT_VERSION = 5.0;
				TARGETED_DEVICE_FAMILY = "1,2";
				TEST_HOST = "$(BUILT_PRODUCTS_DIR)/SDUSampleApp.app/$(BUNDLE_EXECUTABLE_FOLDER_PATH)/SDUSampleApp";
			};
			name = Debug;
		};
		CA0898682AB432A300521291 /* Release */ = {
			isa = XCBuildConfiguration;
			baseConfigurationReference = C3B727BC282AD006622945AE /* Pods-SDUSampleAppTests.release.xcconfig */;
			buildSettings = {
				ALWAYS_EMBED_SWIFT_STANDARD_LIBRARIES = YES;
				BUNDLE_LOADER = "$(TEST_HOST)";
				CODE_SIGN_STYLE = Automatic;
				CURRENT_PROJECT_VERSION = 1;
				GENERATE_INFOPLIST_FILE = YES;
				IPHONEOS_DEPLOYMENT_TARGET = 16.4;
				MARKETING_VERSION = 1.0;
				PRODUCT_BUNDLE_IDENTIFIER = com.test.SDUSampleAppTests;
				PRODUCT_NAME = "$(TARGET_NAME)";
				SWIFT_EMIT_LOC_STRINGS = NO;
				SWIFT_VERSION = 5.0;
				TARGETED_DEVICE_FAMILY = "1,2";
				TEST_HOST = "$(BUILT_PRODUCTS_DIR)/SDUSampleApp.app/$(BUNDLE_EXECUTABLE_FOLDER_PATH)/SDUSampleApp";
			};
			name = Release;
		};
		CA08986A2AB432A300521291 /* Debug */ = {
			isa = XCBuildConfiguration;
			baseConfigurationReference = F52E1902530B83EB95DD9DEE /* Pods-SDUSampleApp-SDUSampleAppUITests.debug.xcconfig */;
			buildSettings = {
				ALWAYS_EMBED_SWIFT_STANDARD_LIBRARIES = YES;
				CODE_SIGN_STYLE = Automatic;
				CURRENT_PROJECT_VERSION = 1;
				GENERATE_INFOPLIST_FILE = YES;
				MARKETING_VERSION = 1.0;
				PRODUCT_BUNDLE_IDENTIFIER = com.test.SDUSampleAppUITests;
				PRODUCT_NAME = "$(TARGET_NAME)";
				SWIFT_EMIT_LOC_STRINGS = NO;
				SWIFT_VERSION = 5.0;
				TARGETED_DEVICE_FAMILY = "1,2";
				TEST_TARGET_NAME = SDUSampleApp;
			};
			name = Debug;
		};
		CA08986B2AB432A300521291 /* Release */ = {
			isa = XCBuildConfiguration;
			baseConfigurationReference = 8F24B1EC292F00376600409E /* Pods-SDUSampleApp-SDUSampleAppUITests.release.xcconfig */;
			buildSettings = {
				ALWAYS_EMBED_SWIFT_STANDARD_LIBRARIES = YES;
				CODE_SIGN_STYLE = Automatic;
				CURRENT_PROJECT_VERSION = 1;
				GENERATE_INFOPLIST_FILE = YES;
				MARKETING_VERSION = 1.0;
				PRODUCT_BUNDLE_IDENTIFIER = com.test.SDUSampleAppUITests;
				PRODUCT_NAME = "$(TARGET_NAME)";
				SWIFT_EMIT_LOC_STRINGS = NO;
				SWIFT_VERSION = 5.0;
				TARGETED_DEVICE_FAMILY = "1,2";
				TEST_TARGET_NAME = SDUSampleApp;
			};
			name = Release;
		};
/* End XCBuildConfiguration section */

/* Begin XCConfigurationList section */
		CA0898342AB432A000521291 /* Build configuration list for PBXProject "SDUSampleApp" */ = {
			isa = XCConfigurationList;
			buildConfigurations = (
				CA0898612AB432A300521291 /* Debug */,
				CA0898622AB432A300521291 /* Release */,
			);
			defaultConfigurationIsVisible = 0;
			defaultConfigurationName = Release;
		};
		CA0898632AB432A300521291 /* Build configuration list for PBXNativeTarget "SDUSampleApp" */ = {
			isa = XCConfigurationList;
			buildConfigurations = (
				CA0898642AB432A300521291 /* Debug */,
				CA0898652AB432A300521291 /* Release */,
			);
			defaultConfigurationIsVisible = 0;
			defaultConfigurationName = Release;
		};
		CA0898662AB432A300521291 /* Build configuration list for PBXNativeTarget "SDUSampleAppTests" */ = {
			isa = XCConfigurationList;
			buildConfigurations = (
				CA0898672AB432A300521291 /* Debug */,
				CA0898682AB432A300521291 /* Release */,
			);
			defaultConfigurationIsVisible = 0;
			defaultConfigurationName = Release;
		};
		CA0898692AB432A300521291 /* Build configuration list for PBXNativeTarget "SDUSampleAppUITests" */ = {
			isa = XCConfigurationList;
			buildConfigurations = (
				CA08986A2AB432A300521291 /* Debug */,
				CA08986B2AB432A300521291 /* Release */,
			);
			defaultConfigurationIsVisible = 0;
			defaultConfigurationName = Release;
		};
/* End XCConfigurationList section */
	};
	rootObject = CA0898312AB432A000521291 /* Project object */;
}
